
Microsoft Visual Studio Solution File, Format Version 12.00
# Visual Studio Version 17
VisualStudioVersion = 17.0.31903.59
MinimumVisualStudioVersion = 10.0.40219.1
Project("{FAE04EC0-301F-11D3-BF4B-00C04F79EFBC}") = "PartsAssistant.Domain", "src\PartsAssistant.Domain\PartsAssistant.Domain.csproj", "{B0C14F68-CF71-4E0F-8772-767D201608D8}"
EndProject
Project("{2150E333-8FDC-42A3-9474-1A3956D46DE8}") = "Tests", "Tests", "{0AB3BF05-4346-4AA6-1389-037BE0695223}"
EndProject
Project("{FAE04EC0-301F-11D3-BF4B-00C04F79EFBC}") = "Domain.Tests", "Tests\Domain.Tests\Domain.Tests.csproj", "{32266B6D-A82A-4AA0-AB97-843C757879AA}"
EndProject
Project("{2150E333-8FDC-42A3-9474-1A3956D46DE8}") = "src", "src", "{827E0CD3-B72D-47B6-A68D-7590B98EB39B}"
EndProject
Project("{FAE04EC0-301F-11D3-BF4B-00C04F79EFBC}") = "PartsAssistant.Evaluation", "src\PartsAssistant.Evaluation\PartsAssistant.Evaluation.csproj", "{5CB04CC0-53CE-41F1-9059-2D39FDCF18DC}"
EndProject
Project("{FAE04EC0-301F-11D3-BF4B-00C04F79EFBC}") = "PartsAssistant.Evaluation.Tests", "tests\PartsAssistant.Evaluation.Tests\PartsAssistant.Evaluation.Tests.csproj", "{31C14736-4DB6-4076-859C-444B2D31E590}"
EndProject
Project("{FAE04EC0-301F-11D3-BF4B-00C04F79EFBC}") = "PartsAssistant.Assistant", "src\PartsAssistant.Assistant\PartsAssistant.Assistant.csproj", "{A4295F30-5EBF-48DF-86B6-903B01F061F1}"
EndProject
Project("{FAE04EC0-301F-11D3-BF4B-00C04F79EFBC}") = "PartsAssistant.Langfuse", "src\PartsAssistant.Langfuse\PartsAssistant.Langfuse.csproj", "{812F99CA-D47E-454E-91E1-4BB3455D667E}"
EndProject
Project("{2150E333-8FDC-42A3-9474-1A3956D46DE8}") = "tools", "tools", "{07C2787E-EAC7-C090-1BA3-A61EC2A24D84}"
EndProject
Project("{FAE04EC0-301F-11D3-BF4B-00C04F79EFBC}") = "PartsAssistant.TraceSmokeTest", "tools\PartsAssistant.TraceSmokeTest\PartsAssistant.TraceSmokeTest.csproj", "{1322D9AF-9E44-4294-8D6B-87526DD495F0}"
EndProject
Project("{FAE04EC0-301F-11D3-BF4B-00C04F79EFBC}") = "PartsAssistant.EvaluationConsole", "tools\PartsAssistant.EvaluationConsole\PartsAssistant.EvaluationConsole.csproj", "{7968A458-ECBF-48BB-9DAE-7E164723DB6B}"
EndProject
Project("{FAE04EC0-301F-11D3-BF4B-00C04F79EFBC}") = "PartsAssistant.OpenAi", "src\PartsAssistant.OpenAi\PartsAssistant.OpenAi.csproj", "{DC727049-AD58-43F3-A6AB-02E579DF2369}"
EndProject
Project("{FAE04EC0-301F-11D3-BF4B-00C04F79EFBC}") = "PartsAssistant.OpenAi.Tests", "tests\PartsAssistant.OpenAi.Tests\PartsAssistant.OpenAi.Tests.csproj", "{CA518713-3DE5-45E6-BAF3-B6CC71D928AB}"
EndProject
Project("{FAE04EC0-301F-11D3-BF4B-00C04F79EFBC}") = "PartsAssistant.Assistant.Tests", "tests\PartsAssistant.Assistant.Tests\PartsAssistant.Assistant.Tests.csproj", "{D6102ECB-BA02-4927-8969-A75C001B5E29}"
EndProject
Project("{FAE04EC0-301F-11D3-BF4B-00C04F79EFBC}") = "PartsAssistant.MicrosoftEval", "src\PartsAssistant.MicrosoftEval\PartsAssistant.MicrosoftEval.csproj", "{65BA27FA-6C13-49D9-BA09-68A417D02D65}"
EndProject
Global
	GlobalSection(SolutionConfigurationPlatforms) = preSolution
		Debug|Any CPU = Debug|Any CPU
		Debug|x64 = Debug|x64
		Debug|x86 = Debug|x86
		Release|Any CPU = Release|Any CPU
		Release|x64 = Release|x64
		Release|x86 = Release|x86
	EndGlobalSection
	GlobalSection(ProjectConfigurationPlatforms) = postSolution
		{B0C14F68-CF71-4E0F-8772-767D201608D8}.Debug|Any CPU.ActiveCfg = Debug|Any CPU
		{B0C14F68-CF71-4E0F-8772-767D201608D8}.Debug|Any CPU.Build.0 = Debug|Any CPU
		{B0C14F68-CF71-4E0F-8772-767D201608D8}.Debug|x64.ActiveCfg = Debug|Any CPU
		{B0C14F68-CF71-4E0F-8772-767D201608D8}.Debug|x64.Build.0 = Debug|Any CPU
		{B0C14F68-CF71-4E0F-8772-767D201608D8}.Debug|x86.ActiveCfg = Debug|Any CPU
		{B0C14F68-CF71-4E0F-8772-767D201608D8}.Debug|x86.Build.0 = Debug|Any CPU
		{B0C14F68-CF71-4E0F-8772-767D201608D8}.Release|Any CPU.ActiveCfg = Release|Any CPU
		{B0C14F68-CF71-4E0F-8772-767D201608D8}.Release|Any CPU.Build.0 = Release|Any CPU
		{B0C14F68-CF71-4E0F-8772-767D201608D8}.Release|x64.ActiveCfg = Release|Any CPU
		{B0C14F68-CF71-4E0F-8772-767D201608D8}.Release|x64.Build.0 = Release|Any CPU
		{B0C14F68-CF71-4E0F-8772-767D201608D8}.Release|x86.ActiveCfg = Release|Any CPU
		{B0C14F68-CF71-4E0F-8772-767D201608D8}.Release|x86.Build.0 = Release|Any CPU
		{32266B6D-A82A-4AA0-AB97-843C757879AA}.Debug|Any CPU.ActiveCfg = Debug|Any CPU
		{32266B6D-A82A-4AA0-AB97-843C757879AA}.Debug|Any CPU.Build.0 = Debug|Any CPU
		{32266B6D-A82A-4AA0-AB97-843C757879AA}.Debug|x64.ActiveCfg = Debug|Any CPU
		{32266B6D-A82A-4AA0-AB97-843C757879AA}.Debug|x64.Build.0 = Debug|Any CPU
		{32266B6D-A82A-4AA0-AB97-843C757879AA}.Debug|x86.ActiveCfg = Debug|Any CPU
		{32266B6D-A82A-4AA0-AB97-843C757879AA}.Debug|x86.Build.0 = Debug|Any CPU
		{32266B6D-A82A-4AA0-AB97-843C757879AA}.Release|Any CPU.ActiveCfg = Release|Any CPU
		{32266B6D-A82A-4AA0-AB97-843C757879AA}.Release|Any CPU.Build.0 = Release|Any CPU
		{32266B6D-A82A-4AA0-AB97-843C757879AA}.Release|x64.ActiveCfg = Release|Any CPU
		{32266B6D-A82A-4AA0-AB97-843C757879AA}.Release|x64.Build.0 = Release|Any CPU
		{32266B6D-A82A-4AA0-AB97-843C757879AA}.Release|x86.ActiveCfg = Release|Any CPU
		{32266B6D-A82A-4AA0-AB97-843C757879AA}.Release|x86.Build.0 = Release|Any CPU
		{5CB04CC0-53CE-41F1-9059-2D39FDCF18DC}.Debug|Any CPU.ActiveCfg = Debug|Any CPU
		{5CB04CC0-53CE-41F1-9059-2D39FDCF18DC}.Debug|Any CPU.Build.0 = Debug|Any CPU
		{5CB04CC0-53CE-41F1-9059-2D39FDCF18DC}.Debug|x64.ActiveCfg = Debug|Any CPU
		{5CB04CC0-53CE-41F1-9059-2D39FDCF18DC}.Debug|x64.Build.0 = Debug|Any CPU
		{5CB04CC0-53CE-41F1-9059-2D39FDCF18DC}.Debug|x86.ActiveCfg = Debug|Any CPU
		{5CB04CC0-53CE-41F1-9059-2D39FDCF18DC}.Debug|x86.Build.0 = Debug|Any CPU
		{5CB04CC0-53CE-41F1-9059-2D39FDCF18DC}.Release|Any CPU.ActiveCfg = Release|Any CPU
		{5CB04CC0-53CE-41F1-9059-2D39FDCF18DC}.Release|Any CPU.Build.0 = Release|Any CPU
		{5CB04CC0-53CE-41F1-9059-2D39FDCF18DC}.Release|x64.ActiveCfg = Release|Any CPU
		{5CB04CC0-53CE-41F1-9059-2D39FDCF18DC}.Release|x64.Build.0 = Release|Any CPU
		{5CB04CC0-53CE-41F1-9059-2D39FDCF18DC}.Release|x86.ActiveCfg = Release|Any CPU
		{5CB04CC0-53CE-41F1-9059-2D39FDCF18DC}.Release|x86.Build.0 = Release|Any CPU
		{31C14736-4DB6-4076-859C-444B2D31E590}.Debug|Any CPU.ActiveCfg = Debug|Any CPU
		{31C14736-4DB6-4076-859C-444B2D31E590}.Debug|Any CPU.Build.0 = Debug|Any CPU
		{31C14736-4DB6-4076-859C-444B2D31E590}.Debug|x64.ActiveCfg = Debug|Any CPU
		{31C14736-4DB6-4076-859C-444B2D31E590}.Debug|x64.Build.0 = Debug|Any CPU
		{31C14736-4DB6-4076-859C-444B2D31E590}.Debug|x86.ActiveCfg = Debug|Any CPU
		{31C14736-4DB6-4076-859C-444B2D31E590}.Debug|x86.Build.0 = Debug|Any CPU
		{31C14736-4DB6-4076-859C-444B2D31E590}.Release|Any CPU.ActiveCfg = Release|Any CPU
		{31C14736-4DB6-4076-859C-444B2D31E590}.Release|Any CPU.Build.0 = Release|Any CPU
		{31C14736-4DB6-4076-859C-444B2D31E590}.Release|x64.ActiveCfg = Release|Any CPU
		{31C14736-4DB6-4076-859C-444B2D31E590}.Release|x64.Build.0 = Release|Any CPU
		{31C14736-4DB6-4076-859C-444B2D31E590}.Release|x86.ActiveCfg = Release|Any CPU
		{31C14736-4DB6-4076-859C-444B2D31E590}.Release|x86.Build.0 = Release|Any CPU
		{A4295F30-5EBF-48DF-86B6-903B01F061F1}.Debug|Any CPU.ActiveCfg = Debug|Any CPU
		{A4295F30-5EBF-48DF-86B6-903B01F061F1}.Debug|Any CPU.Build.0 = Debug|Any CPU
		{A4295F30-5EBF-48DF-86B6-903B01F061F1}.Debug|x64.ActiveCfg = Debug|Any CPU
		{A4295F30-5EBF-48DF-86B6-903B01F061F1}.Debug|x64.Build.0 = Debug|Any CPU
		{A4295F30-5EBF-48DF-86B6-903B01F061F1}.Debug|x86.ActiveCfg = Debug|Any CPU
		{A4295F30-5EBF-48DF-86B6-903B01F061F1}.Debug|x86.Build.0 = Debug|Any CPU
		{A4295F30-5EBF-48DF-86B6-903B01F061F1}.Release|Any CPU.ActiveCfg = Release|Any CPU
		{A4295F30-5EBF-48DF-86B6-903B01F061F1}.Release|Any CPU.Build.0 = Release|Any CPU
		{A4295F30-5EBF-48DF-86B6-903B01F061F1}.Release|x64.ActiveCfg = Release|Any CPU
		{A4295F30-5EBF-48DF-86B6-903B01F061F1}.Release|x64.Build.0 = Release|Any CPU
		{A4295F30-5EBF-48DF-86B6-903B01F061F1}.Release|x86.ActiveCfg = Release|Any CPU
		{A4295F30-5EBF-48DF-86B6-903B01F061F1}.Release|x86.Build.0 = Release|Any CPU
		{812F99CA-D47E-454E-91E1-4BB3455D667E}.Debug|Any CPU.ActiveCfg = Debug|Any CPU
		{812F99CA-D47E-454E-91E1-4BB3455D667E}.Debug|Any CPU.Build.0 = Debug|Any CPU
		{812F99CA-D47E-454E-91E1-4BB3455D667E}.Debug|x64.ActiveCfg = Debug|Any CPU
		{812F99CA-D47E-454E-91E1-4BB3455D667E}.Debug|x64.Build.0 = Debug|Any CPU
		{812F99CA-D47E-454E-91E1-4BB3455D667E}.Debug|x86.ActiveCfg = Debug|Any CPU
		{812F99CA-D47E-454E-91E1-4BB3455D667E}.Debug|x86.Build.0 = Debug|Any CPU
		{812F99CA-D47E-454E-91E1-4BB3455D667E}.Release|Any CPU.ActiveCfg = Release|Any CPU
		{812F99CA-D47E-454E-91E1-4BB3455D667E}.Release|Any CPU.Build.0 = Release|Any CPU
		{812F99CA-D47E-454E-91E1-4BB3455D667E}.Release|x64.ActiveCfg = Release|Any CPU
		{812F99CA-D47E-454E-91E1-4BB3455D667E}.Release|x64.Build.0 = Release|Any CPU
		{812F99CA-D47E-454E-91E1-4BB3455D667E}.Release|x86.ActiveCfg = Release|Any CPU
		{812F99CA-D47E-454E-91E1-4BB3455D667E}.Release|x86.Build.0 = Release|Any CPU
		{1322D9AF-9E44-4294-8D6B-87526DD495F0}.Debug|Any CPU.ActiveCfg = Debug|Any CPU
		{1322D9AF-9E44-4294-8D6B-87526DD495F0}.Debug|Any CPU.Build.0 = Debug|Any CPU
		{1322D9AF-9E44-4294-8D6B-87526DD495F0}.Debug|x64.ActiveCfg = Debug|Any CPU
		{1322D9AF-9E44-4294-8D6B-87526DD495F0}.Debug|x64.Build.0 = Debug|Any CPU
		{1322D9AF-9E44-4294-8D6B-87526DD495F0}.Debug|x86.ActiveCfg = Debug|Any CPU
		{1322D9AF-9E44-4294-8D6B-87526DD495F0}.Debug|x86.Build.0 = Debug|Any CPU
		{1322D9AF-9E44-4294-8D6B-87526DD495F0}.Release|Any CPU.ActiveCfg = Release|Any CPU
		{1322D9AF-9E44-4294-8D6B-87526DD495F0}.Release|Any CPU.Build.0 = Release|Any CPU
		{1322D9AF-9E44-4294-8D6B-87526DD495F0}.Release|x64.ActiveCfg = Release|Any CPU
		{1322D9AF-9E44-4294-8D6B-87526DD495F0}.Release|x64.Build.0 = Release|Any CPU
		{1322D9AF-9E44-4294-8D6B-87526DD495F0}.Release|x86.ActiveCfg = Release|Any CPU
		{1322D9AF-9E44-4294-8D6B-87526DD495F0}.Release|x86.Build.0 = Release|Any CPU
		{7968A458-ECBF-48BB-9DAE-7E164723DB6B}.Debug|Any CPU.ActiveCfg = Debug|Any CPU
		{7968A458-ECBF-48BB-9DAE-7E164723DB6B}.Debug|Any CPU.Build.0 = Debug|Any CPU
		{7968A458-ECBF-48BB-9DAE-7E164723DB6B}.Debug|x64.ActiveCfg = Debug|Any CPU
		{7968A458-ECBF-48BB-9DAE-7E164723DB6B}.Debug|x64.Build.0 = Debug|Any CPU
		{7968A458-ECBF-48BB-9DAE-7E164723DB6B}.Debug|x86.ActiveCfg = Debug|Any CPU
		{7968A458-ECBF-48BB-9DAE-7E164723DB6B}.Debug|x86.Build.0 = Debug|Any CPU
		{7968A458-ECBF-48BB-9DAE-7E164723DB6B}.Release|Any CPU.ActiveCfg = Release|Any CPU
		{7968A458-ECBF-48BB-9DAE-7E164723DB6B}.Release|Any CPU.Build.0 = Release|Any CPU
		{7968A458-ECBF-48BB-9DAE-7E164723DB6B}.Release|x64.ActiveCfg = Release|Any CPU
		{7968A458-ECBF-48BB-9DAE-7E164723DB6B}.Release|x64.Build.0 = Release|Any CPU
		{7968A458-ECBF-48BB-9DAE-7E164723DB6B}.Release|x86.ActiveCfg = Release|Any CPU
		{7968A458-ECBF-48BB-9DAE-7E164723DB6B}.Release|x86.Build.0 = Release|Any CPU
		{DC727049-AD58-43F3-A6AB-02E579DF2369}.Debug|Any CPU.ActiveCfg = Debug|Any CPU
		{DC727049-AD58-43F3-A6AB-02E579DF2369}.Debug|Any CPU.Build.0 = Debug|Any CPU
		{DC727049-AD58-43F3-A6AB-02E579DF2369}.Debug|x64.ActiveCfg = Debug|Any CPU
		{DC727049-AD58-43F3-A6AB-02E579DF2369}.Debug|x64.Build.0 = Debug|Any CPU
		{DC727049-AD58-43F3-A6AB-02E579DF2369}.Debug|x86.ActiveCfg = Debug|Any CPU
		{DC727049-AD58-43F3-A6AB-02E579DF2369}.Debug|x86.Build.0 = Debug|Any CPU
		{DC727049-AD58-43F3-A6AB-02E579DF2369}.Release|Any CPU.ActiveCfg = Release|Any CPU
		{DC727049-AD58-43F3-A6AB-02E579DF2369}.Release|Any CPU.Build.0 = Release|Any CPU
		{DC727049-AD58-43F3-A6AB-02E579DF2369}.Release|x64.ActiveCfg = Release|Any CPU
		{DC727049-AD58-43F3-A6AB-02E579DF2369}.Release|x64.Build.0 = Release|Any CPU
		{DC727049-AD58-43F3-A6AB-02E579DF2369}.Release|x86.ActiveCfg = Release|Any CPU
		{DC727049-AD58-43F3-A6AB-02E579DF2369}.Release|x86.Build.0 = Release|Any CPU
		{CA518713-3DE5-45E6-BAF3-B6CC71D928AB}.Debug|Any CPU.ActiveCfg = Debug|Any CPU
		{CA518713-3DE5-45E6-BAF3-B6CC71D928AB}.Debug|Any CPU.Build.0 = Debug|Any CPU
		{CA518713-3DE5-45E6-BAF3-B6CC71D928AB}.Debug|x64.ActiveCfg = Debug|Any CPU
		{CA518713-3DE5-45E6-BAF3-B6CC71D928AB}.Debug|x64.Build.0 = Debug|Any CPU
		{CA518713-3DE5-45E6-BAF3-B6CC71D928AB}.Debug|x86.ActiveCfg = Debug|Any CPU
		{CA518713-3DE5-45E6-BAF3-B6CC71D928AB}.Debug|x86.Build.0 = Debug|Any CPU
		{CA518713-3DE5-45E6-BAF3-B6CC71D928AB}.Release|Any CPU.ActiveCfg = Release|Any CPU
		{CA518713-3DE5-45E6-BAF3-B6CC71D928AB}.Release|Any CPU.Build.0 = Release|Any CPU
		{CA518713-3DE5-45E6-BAF3-B6CC71D928AB}.Release|x64.ActiveCfg = Release|Any CPU
		{CA518713-3DE5-45E6-BAF3-B6CC71D928AB}.Release|x64.Build.0 = Release|Any CPU
		{CA518713-3DE5-45E6-BAF3-B6CC71D928AB}.Release|x86.ActiveCfg = Release|Any CPU
		{CA518713-3DE5-45E6-BAF3-B6CC71D928AB}.Release|x86.Build.0 = Release|Any CPU
		{D6102ECB-BA02-4927-8969-A75C001B5E29}.Debug|Any CPU.ActiveCfg = Debug|Any CPU
		{D6102ECB-BA02-4927-8969-A75C001B5E29}.Debug|Any CPU.Build.0 = Debug|Any CPU
		{D6102ECB-BA02-4927-8969-A75C001B5E29}.Debug|x64.ActiveCfg = Debug|Any CPU
		{D6102ECB-BA02-4927-8969-A75C001B5E29}.Debug|x64.Build.0 = Debug|Any CPU
		{D6102ECB-BA02-4927-8969-A75C001B5E29}.Debug|x86.ActiveCfg = Debug|Any CPU
		{D6102ECB-BA02-4927-8969-A75C001B5E29}.Debug|x86.Build.0 = Debug|Any CPU
		{D6102ECB-BA02-4927-8969-A75C001B5E29}.Release|Any CPU.ActiveCfg = Release|Any CPU
		{D6102ECB-BA02-4927-8969-A75C001B5E29}.Release|Any CPU.Build.0 = Release|Any CPU
		{D6102ECB-BA02-4927-8969-A75C001B5E29}.Release|x64.ActiveCfg = Release|Any CPU
		{D6102ECB-BA02-4927-8969-A75C001B5E29}.Release|x64.Build.0 = Release|Any CPU
		{D6102ECB-BA02-4927-8969-A75C001B5E29}.Release|x86.ActiveCfg = Release|Any CPU
		{D6102ECB-BA02-4927-8969-A75C001B5E29}.Release|x86.Build.0 = Release|Any CPU
		{65BA27FA-6C13-49D9-BA09-68A417D02D65}.Debug|Any CPU.ActiveCfg = Debug|Any CPU
		{65BA27FA-6C13-49D9-BA09-68A417D02D65}.Debug|Any CPU.Build.0 = Debug|Any CPU
		{65BA27FA-6C13-49D9-BA09-68A417D02D65}.Debug|x64.ActiveCfg = Debug|Any CPU
		{65BA27FA-6C13-49D9-BA09-68A417D02D65}.Debug|x64.Build.0 = Debug|Any CPU
		{65BA27FA-6C13-49D9-BA09-68A417D02D65}.Debug|x86.ActiveCfg = Debug|Any CPU
		{65BA27FA-6C13-49D9-BA09-68A417D02D65}.Debug|x86.Build.0 = Debug|Any CPU
		{65BA27FA-6C13-49D9-BA09-68A417D02D65}.Release|Any CPU.ActiveCfg = Release|Any CPU
		{65BA27FA-6C13-49D9-BA09-68A417D02D65}.Release|Any CPU.Build.0 = Release|Any CPU
		{65BA27FA-6C13-49D9-BA09-68A417D02D65}.Release|x64.ActiveCfg = Release|Any CPU
		{65BA27FA-6C13-49D9-BA09-68A417D02D65}.Release|x64.Build.0 = Release|Any CPU
		{65BA27FA-6C13-49D9-BA09-68A417D02D65}.Release|x86.ActiveCfg = Release|Any CPU
		{65BA27FA-6C13-49D9-BA09-68A417D02D65}.Release|x86.Build.0 = Release|Any CPU
	EndGlobalSection
	GlobalSection(SolutionProperties) = preSolution
		HideSolutionNode = FALSE
	EndGlobalSection
	GlobalSection(NestedProjects) = preSolution
		{B0C14F68-CF71-4E0F-8772-767D201608D8} = {827E0CD3-B72D-47B6-A68D-7590B98EB39B}
		{32266B6D-A82A-4AA0-AB97-843C757879AA} = {0AB3BF05-4346-4AA6-1389-037BE0695223}
		{5CB04CC0-53CE-41F1-9059-2D39FDCF18DC} = {827E0CD3-B72D-47B6-A68D-7590B98EB39B}
		{31C14736-4DB6-4076-859C-444B2D31E590} = {0AB3BF05-4346-4AA6-1389-037BE0695223}
		{A4295F30-5EBF-48DF-86B6-903B01F061F1} = {827E0CD3-B72D-47B6-A68D-7590B98EB39B}
		{812F99CA-D47E-454E-91E1-4BB3455D667E} = {827E0CD3-B72D-47B6-A68D-7590B98EB39B}
		{1322D9AF-9E44-4294-8D6B-87526DD495F0} = {07C2787E-EAC7-C090-1BA3-A61EC2A24D84}
		{7968A458-ECBF-48BB-9DAE-7E164723DB6B} = {07C2787E-EAC7-C090-1BA3-A61EC2A24D84}
		{DC727049-AD58-43F3-A6AB-02E579DF2369} = {827E0CD3-B72D-47B6-A68D-7590B98EB39B}
		{CA518713-3DE5-45E6-BAF3-B6CC71D928AB} = {0AB3BF05-4346-4AA6-1389-037BE0695223}
		{D6102ECB-BA02-4927-8969-A75C001B5E29} = {0AB3BF05-4346-4AA6-1389-037BE0695223}
		{65BA27FA-6C13-49D9-BA09-68A417D02D65} = {827E0CD3-B72D-47B6-A68D-7590B98EB39B}
	EndGlobalSection
EndGlobal
